
Microsoft Visual Studio Solution File, Format Version 12.00
# Visual Studio 2013
VisualStudioVersion = 12.0.21005.1
MinimumVisualStudioVersion = 10.0.40219.1
Project("{FAE04EC0-301F-11D3-BF4B-00C04F79EFBC}") = "Project.ClothingMall.Models", "Project.ClothingMall.Models\Project.ClothingMall.Models.csproj", "{EC2D9521-0D43-4DFF-94E4-0B8B917E2B4F}"
EndProject
Project("{FAE04EC0-301F-11D3-BF4B-00C04F79EFBC}") = "Project.ClothingMall.DAL", "Project.ClothingMall.DAL\Project.ClothingMall.DAL.csproj", "{8ABE8BB8-9ED2-45FF-B085-FD311D13435F}"
EndProject
Project("{FAE04EC0-301F-11D3-BF4B-00C04F79EFBC}") = "Project.ClothingMall.BLL", "Project.ClothingMall.BLL\Project.ClothingMall.BLL.csproj", "{8FC41C9F-B07F-436B-BF39-23E37C1DE42D}"
EndProject
Project("{FAE04EC0-301F-11D3-BF4B-00C04F79EFBC}") = "Project.ClothingMall.IDAL", "Project.ClothingMall.IDAL\Project.ClothingMall.IDAL.csproj", "{7FED031B-F102-486D-A265-EBE9B66444DF}"
EndProject
Project("{FAE04EC0-301F-11D3-BF4B-00C04F79EFBC}") = "Project.ClothingMall.IBLL", "Project.ClothingMall.IBLL\Project.ClothingMall.IBLL.csproj", "{DF48188F-54F5-4833-BA21-8F7C216DBAF2}"
EndProject
Project("{FAE04EC0-301F-11D3-BF4B-00C04F79EFBC}") = "Project.ClothingMall.Common", "Project.ClothingMall.Common\Project.ClothingMall.Common.csproj", "{0EE63CB2-4306-4093-BADD-96AF3019CAEC}"
EndProject
Project("{FAE04EC0-301F-11D3-BF4B-00C04F79EFBC}") = "Project.ClothingMall.DALFactory", "Project.ClothingMall.DALFactory\Project.ClothingMall.DALFactory.csproj", "{4EB34FBF-8153-4275-B3D2-3061944F99AE}"
EndProject
Project("{FAE04EC0-301F-11D3-BF4B-00C04F79EFBC}") = "Project.ClothingMall.Web", "Project.ClothingMall.Web\Project.ClothingMall.Web.csproj", "{6DE5EC2E-223A-4D78-BCAE-16B6F9D773B3}"
EndProject
Project("{2150E333-8FDC-42A3-9474-1A3956D46DE8}") = "Lib", "Lib", "{44C71014-9E79-448E-8F1C-D6EDAC0F82E1}"
EndProject
Project("{FAE04EC0-301F-11D3-BF4B-00C04F79EFBC}") = "Project.ClothingMall.ApplicationConsole", "Project.ClothingMall.ApplicationConsole\Project.ClothingMall.ApplicationConsole.csproj", "{41FBEED0-BFE8-4D03-9159-DD9C8F7FA776}"
EndProject
Global
	GlobalSection(SolutionConfigurationPlatforms) = preSolution
		Debug|Any CPU = Debug|Any CPU
		Release|Any CPU = Release|Any CPU
	EndGlobalSection
	GlobalSection(ProjectConfigurationPlatforms) = postSolution
		{EC2D9521-0D43-4DFF-94E4-0B8B917E2B4F}.Debug|Any CPU.ActiveCfg = Debug|Any CPU
		{EC2D9521-0D43-4DFF-94E4-0B8B917E2B4F}.Debug|Any CPU.Build.0 = Debug|Any CPU
		{EC2D9521-0D43-4DFF-94E4-0B8B917E2B4F}.Release|Any CPU.ActiveCfg = Release|Any CPU
		{EC2D9521-0D43-4DFF-94E4-0B8B917E2B4F}.Release|Any CPU.Build.0 = Release|Any CPU
		{8ABE8BB8-9ED2-45FF-B085-FD311D13435F}.Debug|Any CPU.ActiveCfg = Debug|Any CPU
		{8ABE8BB8-9ED2-45FF-B085-FD311D13435F}.Debug|Any CPU.Build.0 = Debug|Any CPU
		{8ABE8BB8-9ED2-45FF-B085-FD311D13435F}.Release|Any CPU.ActiveCfg = Release|Any CPU
		{8ABE8BB8-9ED2-45FF-B085-FD311D13435F}.Release|Any CPU.Build.0 = Release|Any CPU
		{8FC41C9F-B07F-436B-BF39-23E37C1DE42D}.Debug|Any CPU.ActiveCfg = Debug|Any CPU
		{8FC41C9F-B07F-436B-BF39-23E37C1DE42D}.Debug|Any CPU.Build.0 = Debug|Any CPU
		{8FC41C9F-B07F-436B-BF39-23E37C1DE42D}.Release|Any CPU.ActiveCfg = Release|Any CPU
		{8FC41C9F-B07F-436B-BF39-23E37C1DE42D}.Release|Any CPU.Build.0 = Release|Any CPU
		{7FED031B-F102-486D-A265-EBE9B66444DF}.Debug|Any CPU.ActiveCfg = Debug|Any CPU
		{7FED031B-F102-486D-A265-EBE9B66444DF}.Debug|Any CPU.Build.0 = Debug|Any CPU
		{7FED031B-F102-486D-A265-EBE9B66444DF}.Release|Any CPU.ActiveCfg = Release|Any CPU
		{7FED031B-F102-486D-A265-EBE9B66444DF}.Release|Any CPU.Build.0 = Release|Any CPU
		{DF48188F-54F5-4833-BA21-8F7C216DBAF2}.Debug|Any CPU.ActiveCfg = Debug|Any CPU
		{DF48188F-54F5-4833-BA21-8F7C216DBAF2}.Debug|Any CPU.Build.0 = Debug|Any CPU
		{DF48188F-54F5-4833-BA21-8F7C216DBAF2}.Release|Any CPU.ActiveCfg = Release|Any CPU
		{DF48188F-54F5-4833-BA21-8F7C216DBAF2}.Release|Any CPU.Build.0 = Release|Any CPU
		{0EE63CB2-4306-4093-BADD-96AF3019CAEC}.Debug|Any CPU.ActiveCfg = Debug|Any CPU
		{0EE63CB2-4306-4093-BADD-96AF3019CAEC}.Debug|Any CPU.Build.0 = Debug|Any CPU
		{0EE63CB2-4306-4093-BADD-96AF3019CAEC}.Release|Any CPU.ActiveCfg = Release|Any CPU
		{0EE63CB2-4306-4093-BADD-96AF3019CAEC}.Release|Any CPU.Build.0 = Release|Any CPU
		{4EB34FBF-8153-4275-B3D2-3061944F99AE}.Debug|Any CPU.ActiveCfg = Debug|Any CPU
		{4EB34FBF-8153-4275-B3D2-3061944F99AE}.Debug|Any CPU.Build.0 = Debug|Any CPU
		{4EB34FBF-8153-4275-B3D2-3061944F99AE}.Release|Any CPU.ActiveCfg = Release|Any CPU
		{4EB34FBF-8153-4275-B3D2-3061944F99AE}.Release|Any CPU.Build.0 = Release|Any CPU
		{6DE5EC2E-223A-4D78-BCAE-16B6F9D773B3}.Debug|Any CPU.ActiveCfg = Debug|Any CPU
		{6DE5EC2E-223A-4D78-BCAE-16B6F9D773B3}.Debug|Any CPU.Build.0 = Debug|Any CPU
		{6DE5EC2E-223A-4D78-BCAE-16B6F9D773B3}.Release|Any CPU.ActiveCfg = Release|Any CPU
		{6DE5EC2E-223A-4D78-BCAE-16B6F9D773B3}.Release|Any CPU.Build.0 = Release|Any CPU
		{41FBEED0-BFE8-4D03-9159-DD9C8F7FA776}.Debug|Any CPU.ActiveCfg = Debug|Any CPU
		{41FBEED0-BFE8-4D03-9159-DD9C8F7FA776}.Debug|Any CPU.Build.0 = Debug|Any CPU
		{41FBEED0-BFE8-4D03-9159-DD9C8F7FA776}.Release|Any CPU.ActiveCfg = Release|Any CPU
		{41FBEED0-BFE8-4D03-9159-DD9C8F7FA776}.Release|Any CPU.Build.0 = Release|Any CPU
	EndGlobalSection
	GlobalSection(SolutionProperties) = preSolution
		HideSolutionNode = FALSE
	EndGlobalSection
EndGlobal
